// !$*UTF8*$!
{
	archiveVersion = 1;
	classes = {
	};
	objectVersion = 46;
	objects = {

/* Begin PBXBuildFile section */
		0731D3B824204D62009CAE85 /* Expo.plist in Resources */ = {isa = PBXBuildFile; fileRef = 0731D3B524204D62009CAE85 /* Expo.plist */; };
		074F4BDC2432833400BDB9FE /* app.bundle in Resources */ = {isa = PBXBuildFile; fileRef = 07C2E6E4243282B30028AF0A /* app.bundle */; };
		074F4BDD2432833400BDB9FE /* app.manifest in Resources */ = {isa = PBXBuildFile; fileRef = 07C2E6E3243282B30028AF0A /* app.manifest */; };
		13B07FBC1A68108700A75B9A /* AppDelegate.m in Sources */ = {isa = PBXBuildFile; fileRef = 13B07FB01A68108700A75B9A /* AppDelegate.m */; };
		13B07FBD1A68108700A75B9A /* LaunchScreen.xib in Resources */ = {isa = PBXBuildFile; fileRef = 13B07FB11A68108700A75B9A /* LaunchScreen.xib */; };
		13B07FBF1A68108700A75B9A /* Images.xcassets in Resources */ = {isa = PBXBuildFile; fileRef = 13B07FB51A68108700A75B9A /* Images.xcassets */; };
		13B07FC11A68108700A75B9A /* main.m in Sources */ = {isa = PBXBuildFile; fileRef = 13B07FB71A68108700A75B9A /* main.m */; };
		1A784F0F247DCEE30017D681 /* Images-2.xcassets in Resources */ = {isa = PBXBuildFile; fileRef = 1A784F0E247DCEE30017D681 /* Images-2.xcassets */; };
		E652AE696E40F477573622DB /* libPods-BluzelleInstantNotary.a in Frameworks */ = {isa = PBXBuildFile; fileRef = 4A2A88BB2AD703B88AF92210 /* libPods-BluzelleInstantNotary.a */; };
		6CAB325B167E4099960F8984 /* AntDesign.ttf in Resources */ = {isa = PBXBuildFile; fileRef = 6A8C2F4D8D7647CFA9DEA801 /* AntDesign.ttf */; };
		63DA227E0C7D45CCB3C1225C /* Entypo.ttf in Resources */ = {isa = PBXBuildFile; fileRef = 15EF2879DC31488B9AE4CC7D /* Entypo.ttf */; };
		228DAB94840F4C9CA94E237A /* EvilIcons.ttf in Resources */ = {isa = PBXBuildFile; fileRef = 99BBEC9508C24516A7C0A2FF /* EvilIcons.ttf */; };
		14B9337DEB7C4B219586C650 /* Feather.ttf in Resources */ = {isa = PBXBuildFile; fileRef = 0CE5E612A4654F019EA34EC4 /* Feather.ttf */; };
		7D9AD24922D24BD2A71E4EA8 /* FontAwesome.ttf in Resources */ = {isa = PBXBuildFile; fileRef = 746BC42610394859B56581F0 /* FontAwesome.ttf */; };
		3BED29174D70441C9968BFA2 /* FontAwesome5_Brands.ttf in Resources */ = {isa = PBXBuildFile; fileRef = C9B7823D67364F00A16C0667 /* FontAwesome5_Brands.ttf */; };
		C2AC40352F1B42548930C49A /* FontAwesome5_Regular.ttf in Resources */ = {isa = PBXBuildFile; fileRef = F1746E40D4154B90B540F19C /* FontAwesome5_Regular.ttf */; };
		9352B5DB6092409B9C77FE86 /* FontAwesome5_Solid.ttf in Resources */ = {isa = PBXBuildFile; fileRef = 9408BAE39E5941F7A901CB32 /* FontAwesome5_Solid.ttf */; };
		12CA5F8220264DEBBE718CFD /* Fontisto.ttf in Resources */ = {isa = PBXBuildFile; fileRef = 2B35D6F151714C0E8D7584FB /* Fontisto.ttf */; };
		7359734346374F3892F998D7 /* Foundation.ttf in Resources */ = {isa = PBXBuildFile; fileRef = A3C65C1C586C479586EE2717 /* Foundation.ttf */; };
		D5D109A4422C426BBCFCF89C /* Ionicons.ttf in Resources */ = {isa = PBXBuildFile; fileRef = 3FD97ABB5A24401698AB5B2F /* Ionicons.ttf */; };
		E8E1A1CC376B4B268CFABD7A /* MaterialCommunityIcons.ttf in Resources */ = {isa = PBXBuildFile; fileRef = 18E1D9D19F2D43D5BB816A1E /* MaterialCommunityIcons.ttf */; };
		0EFD379500A14E98A7AA31EA /* MaterialIcons.ttf in Resources */ = {isa = PBXBuildFile; fileRef = EFD801D1F5A242B8ADE93048 /* MaterialIcons.ttf */; };
		A6EBC1B662C647328BCEC49A /* Octicons.ttf in Resources */ = {isa = PBXBuildFile; fileRef = 54688B04689E4A78AE5FDE94 /* Octicons.ttf */; };
		51421879859B419D8278B12A /* Roboto_medium.ttf in Resources */ = {isa = PBXBuildFile; fileRef = 37487B279DBA46C9BDCBE42B /* Roboto_medium.ttf */; };
		6AF45E7BB74C4C989F047E32 /* Roboto.ttf in Resources */ = {isa = PBXBuildFile; fileRef = 1802A346C139485A93D39AFE /* Roboto.ttf */; };
		F52C49EACDF24B38A655ED39 /* rubicon-icon-font.ttf in Resources */ = {isa = PBXBuildFile; fileRef = 47D84FFE3CA14F2C8143C63B /* rubicon-icon-font.ttf */; };
		26279A0D4FAE4634AA34984D /* SimpleLineIcons.ttf in Resources */ = {isa = PBXBuildFile; fileRef = 9761600B8095495483121B75 /* SimpleLineIcons.ttf */; };
		3184CE608FF04BF8BEE2ACDB /* Zocial.ttf in Resources */ = {isa = PBXBuildFile; fileRef = 853DA77FEB0F4215960A8C31 /* Zocial.ttf */; };
/* End PBXBuildFile section */

/* Begin PBXFileReference section */
		008F07F21AC5B25A0029DE68 /* main.jsbundle */ = {isa = PBXFileReference; fileEncoding = 4; lastKnownFileType = text; path = main.jsbundle; sourceTree = "<group>"; };
		0731D3B524204D62009CAE85 /* Expo.plist */ = {isa = PBXFileReference; fileEncoding = 4; lastKnownFileType = text.plist.xml; name = Expo.plist; path = BluzelleInstantNotary/Supporting/Expo.plist; sourceTree = "<group>"; };
		07C2E6E3243282B30028AF0A /* app.manifest */ = {isa = PBXFileReference; fileEncoding = 4; lastKnownFileType = text; name = app.manifest; path = BluzelleInstantNotary/Supporting/app.manifest; sourceTree = "<group>"; };
		07C2E6E4243282B30028AF0A /* app.bundle */ = {isa = PBXFileReference; fileEncoding = 4; lastKnownFileType = text; name = app.bundle; path = BluzelleInstantNotary/Supporting/app.bundle; sourceTree = "<group>"; };
		0F913CA8A5690C16CEF1357C /* Pods-BluzelleInstantNotary.debug.xcconfig */ = {isa = PBXFileReference; includeInIndex = 1; lastKnownFileType = text.xcconfig; name = "Pods-BluzelleInstantNotary.debug.xcconfig"; path = "Target Support Files/Pods-BluzelleInstantNotary/Pods-BluzelleInstantNotary.debug.xcconfig"; sourceTree = "<group>"; };
		13B07F961A680F5B00A75B9A /* instanotary.app */ = {isa = PBXFileReference; explicitFileType = wrapper.application; includeInIndex = 0; path = instanotary.app; sourceTree = BUILT_PRODUCTS_DIR; };
		13B07FAF1A68108700A75B9A /* AppDelegate.h */ = {isa = PBXFileReference; fileEncoding = 4; lastKnownFileType = sourcecode.c.h; name = AppDelegate.h; path = BluzelleInstantNotary/AppDelegate.h; sourceTree = "<group>"; };
		13B07FB01A68108700A75B9A /* AppDelegate.m */ = {isa = PBXFileReference; fileEncoding = 4; lastKnownFileType = sourcecode.c.objc; name = AppDelegate.m; path = BluzelleInstantNotary/AppDelegate.m; sourceTree = "<group>"; };
		13B07FB21A68108700A75B9A /* Base */ = {isa = PBXFileReference; lastKnownFileType = file.xib; name = Base; path = Base.lproj/LaunchScreen.xib; sourceTree = "<group>"; };
		13B07FB51A68108700A75B9A /* Images.xcassets */ = {isa = PBXFileReference; lastKnownFileType = folder.assetcatalog; name = Images.xcassets; path = BluzelleInstantNotary/Images.xcassets; sourceTree = "<group>"; };
		13B07FB61A68108700A75B9A /* Info.plist */ = {isa = PBXFileReference; fileEncoding = 4; lastKnownFileType = text.plist.xml; name = Info.plist; path = BluzelleInstantNotary/Info.plist; sourceTree = "<group>"; };
		13B07FB71A68108700A75B9A /* main.m */ = {isa = PBXFileReference; fileEncoding = 4; lastKnownFileType = sourcecode.c.objc; name = main.m; path = BluzelleInstantNotary/main.m; sourceTree = "<group>"; };
		1A784F0E247DCEE30017D681 /* Images-2.xcassets */ = {isa = PBXFileReference; lastKnownFileType = folder.assetcatalog; name = "Images-2.xcassets"; path = "BluzelleInstantNotary/Images-2.xcassets"; sourceTree = "<group>"; };
		2D16E6891FA4F8E400B85C8A /* libReact.a */ = {isa = PBXFileReference; explicitFileType = archive.ar; path = libReact.a; sourceTree = BUILT_PRODUCTS_DIR; };
		4A2A88BB2AD703B88AF92210 /* libPods-BluzelleInstantNotary.a */ = {isa = PBXFileReference; explicitFileType = archive.ar; includeInIndex = 0; path = "libPods-BluzelleInstantNotary.a"; sourceTree = BUILT_PRODUCTS_DIR; };
		D44E00AAB611A1F106E20020 /* Pods-BluzelleInstantNotary.release.xcconfig */ = {isa = PBXFileReference; includeInIndex = 1; lastKnownFileType = text.xcconfig; name = "Pods-BluzelleInstantNotary.release.xcconfig"; path = "Target Support Files/Pods-BluzelleInstantNotary/Pods-BluzelleInstantNotary.release.xcconfig"; sourceTree = "<group>"; };
		ED297162215061F000B7C4FE /* JavaScriptCore.framework */ = {isa = PBXFileReference; lastKnownFileType = wrapper.framework; name = JavaScriptCore.framework; path = System/Library/Frameworks/JavaScriptCore.framework; sourceTree = SDKROOT; };
		ED2971642150620600B7C4FE /* JavaScriptCore.framework */ = {isa = PBXFileReference; lastKnownFileType = wrapper.framework; name = JavaScriptCore.framework; path = Platforms/AppleTVOS.platform/Developer/SDKs/AppleTVOS12.0.sdk/System/Library/Frameworks/JavaScriptCore.framework; sourceTree = DEVELOPER_DIR; };
		6A8C2F4D8D7647CFA9DEA801 /* AntDesign.ttf */ = {isa = PBXFileReference; name = "AntDesign.ttf"; path = "../node_modules/native-base/Fonts/AntDesign.ttf"; sourceTree = "<group>"; fileEncoding = undefined; lastKnownFileType = unknown; explicitFileType = undefined; includeInIndex = 0; };
		15EF2879DC31488B9AE4CC7D /* Entypo.ttf */ = {isa = PBXFileReference; name = "Entypo.ttf"; path = "../node_modules/native-base/Fonts/Entypo.ttf"; sourceTree = "<group>"; fileEncoding = undefined; lastKnownFileType = unknown; explicitFileType = undefined; includeInIndex = 0; };
		99BBEC9508C24516A7C0A2FF /* EvilIcons.ttf */ = {isa = PBXFileReference; name = "EvilIcons.ttf"; path = "../node_modules/native-base/Fonts/EvilIcons.ttf"; sourceTree = "<group>"; fileEncoding = undefined; lastKnownFileType = unknown; explicitFileType = undefined; includeInIndex = 0; };
		0CE5E612A4654F019EA34EC4 /* Feather.ttf */ = {isa = PBXFileReference; name = "Feather.ttf"; path = "../node_modules/native-base/Fonts/Feather.ttf"; sourceTree = "<group>"; fileEncoding = undefined; lastKnownFileType = unknown; explicitFileType = undefined; includeInIndex = 0; };
		746BC42610394859B56581F0 /* FontAwesome.ttf */ = {isa = PBXFileReference; name = "FontAwesome.ttf"; path = "../node_modules/native-base/Fonts/FontAwesome.ttf"; sourceTree = "<group>"; fileEncoding = undefined; lastKnownFileType = unknown; explicitFileType = undefined; includeInIndex = 0; };
		C9B7823D67364F00A16C0667 /* FontAwesome5_Brands.ttf */ = {isa = PBXFileReference; name = "FontAwesome5_Brands.ttf"; path = "../node_modules/native-base/Fonts/FontAwesome5_Brands.ttf"; sourceTree = "<group>"; fileEncoding = undefined; lastKnownFileType = unknown; explicitFileType = undefined; includeInIndex = 0; };
		F1746E40D4154B90B540F19C /* FontAwesome5_Regular.ttf */ = {isa = PBXFileReference; name = "FontAwesome5_Regular.ttf"; path = "../node_modules/native-base/Fonts/FontAwesome5_Regular.ttf"; sourceTree = "<group>"; fileEncoding = undefined; lastKnownFileType = unknown; explicitFileType = undefined; includeInIndex = 0; };
		9408BAE39E5941F7A901CB32 /* FontAwesome5_Solid.ttf */ = {isa = PBXFileReference; name = "FontAwesome5_Solid.ttf"; path = "../node_modules/native-base/Fonts/FontAwesome5_Solid.ttf"; sourceTree = "<group>"; fileEncoding = undefined; lastKnownFileType = unknown; explicitFileType = undefined; includeInIndex = 0; };
		2B35D6F151714C0E8D7584FB /* Fontisto.ttf */ = {isa = PBXFileReference; name = "Fontisto.ttf"; path = "../node_modules/native-base/Fonts/Fontisto.ttf"; sourceTree = "<group>"; fileEncoding = undefined; lastKnownFileType = unknown; explicitFileType = undefined; includeInIndex = 0; };
		A3C65C1C586C479586EE2717 /* Foundation.ttf */ = {isa = PBXFileReference; name = "Foundation.ttf"; path = "../node_modules/native-base/Fonts/Foundation.ttf"; sourceTree = "<group>"; fileEncoding = undefined; lastKnownFileType = unknown; explicitFileType = undefined; includeInIndex = 0; };
		3FD97ABB5A24401698AB5B2F /* Ionicons.ttf */ = {isa = PBXFileReference; name = "Ionicons.ttf"; path = "../node_modules/native-base/Fonts/Ionicons.ttf"; sourceTree = "<group>"; fileEncoding = undefined; lastKnownFileType = unknown; explicitFileType = undefined; includeInIndex = 0; };
		18E1D9D19F2D43D5BB816A1E /* MaterialCommunityIcons.ttf */ = {isa = PBXFileReference; name = "MaterialCommunityIcons.ttf"; path = "../node_modules/native-base/Fonts/MaterialCommunityIcons.ttf"; sourceTree = "<group>"; fileEncoding = undefined; lastKnownFileType = unknown; explicitFileType = undefined; includeInIndex = 0; };
		EFD801D1F5A242B8ADE93048 /* MaterialIcons.ttf */ = {isa = PBXFileReference; name = "MaterialIcons.ttf"; path = "../node_modules/native-base/Fonts/MaterialIcons.ttf"; sourceTree = "<group>"; fileEncoding = undefined; lastKnownFileType = unknown; explicitFileType = undefined; includeInIndex = 0; };
		54688B04689E4A78AE5FDE94 /* Octicons.ttf */ = {isa = PBXFileReference; name = "Octicons.ttf"; path = "../node_modules/native-base/Fonts/Octicons.ttf"; sourceTree = "<group>"; fileEncoding = undefined; lastKnownFileType = unknown; explicitFileType = undefined; includeInIndex = 0; };
		37487B279DBA46C9BDCBE42B /* Roboto_medium.ttf */ = {isa = PBXFileReference; name = "Roboto_medium.ttf"; path = "../node_modules/native-base/Fonts/Roboto_medium.ttf"; sourceTree = "<group>"; fileEncoding = undefined; lastKnownFileType = unknown; explicitFileType = undefined; includeInIndex = 0; };
		1802A346C139485A93D39AFE /* Roboto.ttf */ = {isa = PBXFileReference; name = "Roboto.ttf"; path = "../node_modules/native-base/Fonts/Roboto.ttf"; sourceTree = "<group>"; fileEncoding = undefined; lastKnownFileType = unknown; explicitFileType = undefined; includeInIndex = 0; };
		47D84FFE3CA14F2C8143C63B /* rubicon-icon-font.ttf */ = {isa = PBXFileReference; name = "rubicon-icon-font.ttf"; path = "../node_modules/native-base/Fonts/rubicon-icon-font.ttf"; sourceTree = "<group>"; fileEncoding = undefined; lastKnownFileType = unknown; explicitFileType = undefined; includeInIndex = 0; };
		9761600B8095495483121B75 /* SimpleLineIcons.ttf */ = {isa = PBXFileReference; name = "SimpleLineIcons.ttf"; path = "../node_modules/native-base/Fonts/SimpleLineIcons.ttf"; sourceTree = "<group>"; fileEncoding = undefined; lastKnownFileType = unknown; explicitFileType = undefined; includeInIndex = 0; };
		853DA77FEB0F4215960A8C31 /* Zocial.ttf */ = {isa = PBXFileReference; name = "Zocial.ttf"; path = "../node_modules/native-base/Fonts/Zocial.ttf"; sourceTree = "<group>"; fileEncoding = undefined; lastKnownFileType = unknown; explicitFileType = undefined; includeInIndex = 0; };
/* End PBXFileReference section */

/* Begin PBXFrameworksBuildPhase section */
		13B07F8C1A680F5B00A75B9A /* Frameworks */ = {
			isa = PBXFrameworksBuildPhase;
			buildActionMask = 2147483647;
			files = (
				E652AE696E40F477573622DB /* libPods-BluzelleInstantNotary.a in Frameworks */,
			);
			runOnlyForDeploymentPostprocessing = 0;
		};
/* End PBXFrameworksBuildPhase section */

/* Begin PBXGroup section */
		13B07FAE1A68108700A75B9A /* BluzelleInstantNotary */ = {
			isa = PBXGroup;
			children = (
				008F07F21AC5B25A0029DE68 /* main.jsbundle */,
				13B07FAF1A68108700A75B9A /* AppDelegate.h */,
				13B07FB01A68108700A75B9A /* AppDelegate.m */,
				13B07FB51A68108700A75B9A /* Images.xcassets */,
				13B07FB61A68108700A75B9A /* Info.plist */,
				13B07FB11A68108700A75B9A /* LaunchScreen.xib */,
				13B07FB71A68108700A75B9A /* main.m */,
				0731D3B524204D62009CAE85 /* Expo.plist */,
				07C2E6E4243282B30028AF0A /* app.bundle */,
				07C2E6E3243282B30028AF0A /* app.manifest */,
				1A784F0E247DCEE30017D681 /* Images-2.xcassets */,
			);
			name = BluzelleInstantNotary;
			sourceTree = "<group>";
		};
		2D16E6871FA4F8E400B85C8A /* Frameworks */ = {
			isa = PBXGroup;
			children = (
				ED297162215061F000B7C4FE /* JavaScriptCore.framework */,
				ED2971642150620600B7C4FE /* JavaScriptCore.framework */,
				2D16E6891FA4F8E400B85C8A /* libReact.a */,
				4A2A88BB2AD703B88AF92210 /* libPods-BluzelleInstantNotary.a */,
			);
			name = Frameworks;
			sourceTree = "<group>";
		};
		72E5486571395D51695C2A02 /* Pods */ = {
			isa = PBXGroup;
			children = (
				0F913CA8A5690C16CEF1357C /* Pods-BluzelleInstantNotary.debug.xcconfig */,
				D44E00AAB611A1F106E20020 /* Pods-BluzelleInstantNotary.release.xcconfig */,
			);
			path = Pods;
			sourceTree = "<group>";
		};
		832341AE1AAA6A7D00B99B32 /* Libraries */ = {
			isa = PBXGroup;
			children = (
			);
			name = Libraries;
			sourceTree = "<group>";
		};
		83CBB9F61A601CBA00E9B192 = {
			isa = PBXGroup;
			children = (
				13B07FAE1A68108700A75B9A /* BluzelleInstantNotary */,
				832341AE1AAA6A7D00B99B32 /* Libraries */,
				83CBBA001A601CBA00E9B192 /* Products */,
				2D16E6871FA4F8E400B85C8A /* Frameworks */,
				72E5486571395D51695C2A02 /* Pods */,
				BFBC1ADE519C4E65867C30AE /* Resources */,
			);
			indentWidth = 2;
			sourceTree = "<group>";
			tabWidth = 2;
			usesTabs = 0;
		};
		83CBBA001A601CBA00E9B192 /* Products */ = {
			isa = PBXGroup;
			children = (
				13B07F961A680F5B00A75B9A /* instanotary.app */,
			);
			name = Products;
			sourceTree = "<group>";
		};
		BFBC1ADE519C4E65867C30AE /* Resources */ = {
			isa = PBXGroup;
			children = (
				6A8C2F4D8D7647CFA9DEA801 /* AntDesign.ttf */,
				15EF2879DC31488B9AE4CC7D /* Entypo.ttf */,
				99BBEC9508C24516A7C0A2FF /* EvilIcons.ttf */,
				0CE5E612A4654F019EA34EC4 /* Feather.ttf */,
				746BC42610394859B56581F0 /* FontAwesome.ttf */,
				C9B7823D67364F00A16C0667 /* FontAwesome5_Brands.ttf */,
				F1746E40D4154B90B540F19C /* FontAwesome5_Regular.ttf */,
				9408BAE39E5941F7A901CB32 /* FontAwesome5_Solid.ttf */,
				2B35D6F151714C0E8D7584FB /* Fontisto.ttf */,
				A3C65C1C586C479586EE2717 /* Foundation.ttf */,
				3FD97ABB5A24401698AB5B2F /* Ionicons.ttf */,
				18E1D9D19F2D43D5BB816A1E /* MaterialCommunityIcons.ttf */,
				EFD801D1F5A242B8ADE93048 /* MaterialIcons.ttf */,
				54688B04689E4A78AE5FDE94 /* Octicons.ttf */,
				37487B279DBA46C9BDCBE42B /* Roboto_medium.ttf */,
				1802A346C139485A93D39AFE /* Roboto.ttf */,
				47D84FFE3CA14F2C8143C63B /* rubicon-icon-font.ttf */,
				9761600B8095495483121B75 /* SimpleLineIcons.ttf */,
				853DA77FEB0F4215960A8C31 /* Zocial.ttf */,
			);
			name = Resources;
			sourceTree = "<group>";
		};
/* End PBXGroup section */

/* Begin PBXNativeTarget section */
		13B07F861A680F5B00A75B9A /* BluzelleInstantNotary */ = {
			isa = PBXNativeTarget;
			buildConfigurationList = 13B07F931A680F5B00A75B9A /* Build configuration list for PBXNativeTarget "BluzelleInstantNotary" */;
			buildPhases = (
				81E7109038FEC565D197219F /* [CP] Check Pods Manifest.lock */,
				FD4C38642228810C00325AF5 /* Start Packager */,
				13B07F871A680F5B00A75B9A /* Sources */,
				13B07F8C1A680F5B00A75B9A /* Frameworks */,
				13B07F8E1A680F5B00A75B9A /* Resources */,
				00DD1BFF1BD5951E006B06BC /* Bundle Expo Assets */,
			);
			buildRules = (
			);
			dependencies = (
			);
			name = BluzelleInstantNotary;
			productName = "Hello World";
			productReference = 13B07F961A680F5B00A75B9A /* instanotary.app */;
			productType = "com.apple.product-type.application";
		};
/* End PBXNativeTarget section */

/* Begin PBXProject section */
		83CBB9F71A601CBA00E9B192 /* Project object */ = {
			isa = PBXProject;
			attributes = {
				LastUpgradeCheck = 940;
				ORGANIZATIONNAME = Facebook;
				TargetAttributes = {
					13B07F861A680F5B00A75B9A = {
						DevelopmentTeam = 296Y88W7M2;
						ProvisioningStyle = Automatic;
					};
				};
			};
			buildConfigurationList = 83CBB9FA1A601CBA00E9B192 /* Build configuration list for PBXProject "BluzelleInstantNotary" */;
			compatibilityVersion = "Xcode 3.2";
			developmentRegion = en;
			hasScannedForEncodings = 0;
			knownRegions = (
				en,
				Base,
			);
			mainGroup = 83CBB9F61A601CBA00E9B192;
			productRefGroup = 83CBBA001A601CBA00E9B192 /* Products */;
			projectDirPath = "";
			projectRoot = "";
			targets = (
				13B07F861A680F5B00A75B9A /* BluzelleInstantNotary */,
			);
		};
/* End PBXProject section */

/* Begin PBXResourcesBuildPhase section */
		13B07F8E1A680F5B00A75B9A /* Resources */ = {
			isa = PBXResourcesBuildPhase;
			buildActionMask = 2147483647;
			files = (
				1A784F0F247DCEE30017D681 /* Images-2.xcassets in Resources */,
				074F4BDC2432833400BDB9FE /* app.bundle in Resources */,
				074F4BDD2432833400BDB9FE /* app.manifest in Resources */,
				0731D3B824204D62009CAE85 /* Expo.plist in Resources */,
				13B07FBF1A68108700A75B9A /* Images.xcassets in Resources */,
				13B07FBD1A68108700A75B9A /* LaunchScreen.xib in Resources */,
				6CAB325B167E4099960F8984 /* AntDesign.ttf in Resources */,
				63DA227E0C7D45CCB3C1225C /* Entypo.ttf in Resources */,
				228DAB94840F4C9CA94E237A /* EvilIcons.ttf in Resources */,
				14B9337DEB7C4B219586C650 /* Feather.ttf in Resources */,
				7D9AD24922D24BD2A71E4EA8 /* FontAwesome.ttf in Resources */,
				3BED29174D70441C9968BFA2 /* FontAwesome5_Brands.ttf in Resources */,
				C2AC40352F1B42548930C49A /* FontAwesome5_Regular.ttf in Resources */,
				9352B5DB6092409B9C77FE86 /* FontAwesome5_Solid.ttf in Resources */,
				12CA5F8220264DEBBE718CFD /* Fontisto.ttf in Resources */,
				7359734346374F3892F998D7 /* Foundation.ttf in Resources */,
				D5D109A4422C426BBCFCF89C /* Ionicons.ttf in Resources */,
				E8E1A1CC376B4B268CFABD7A /* MaterialCommunityIcons.ttf in Resources */,
				0EFD379500A14E98A7AA31EA /* MaterialIcons.ttf in Resources */,
				A6EBC1B662C647328BCEC49A /* Octicons.ttf in Resources */,
				51421879859B419D8278B12A /* Roboto_medium.ttf in Resources */,
				6AF45E7BB74C4C989F047E32 /* Roboto.ttf in Resources */,
				F52C49EACDF24B38A655ED39 /* rubicon-icon-font.ttf in Resources */,
				26279A0D4FAE4634AA34984D /* SimpleLineIcons.ttf in Resources */,
				3184CE608FF04BF8BEE2ACDB /* Zocial.ttf in Resources */,
			);
			runOnlyForDeploymentPostprocessing = 0;
		};
/* End PBXResourcesBuildPhase section */

/* Begin PBXShellScriptBuildPhase section */
		00DD1BFF1BD5951E006B06BC /* Bundle Expo Assets */ = {
			isa = PBXShellScriptBuildPhase;
			buildActionMask = 2147483647;
			files = (
			);
			inputPaths = (
			);
			name = "Bundle Expo Assets";
			outputPaths = (
			);
			runOnlyForDeploymentPostprocessing = 0;
			shellPath = /bin/sh;
			shellScript = "../node_modules/expo-updates/bundle-expo-assets.sh\n";
		};
		81E7109038FEC565D197219F /* [CP] Check Pods Manifest.lock */ = {
			isa = PBXShellScriptBuildPhase;
			buildActionMask = 2147483647;
			files = (
			);
			inputFileListPaths = (
			);
			inputPaths = (
				"${PODS_PODFILE_DIR_PATH}/Podfile.lock",
				"${PODS_ROOT}/Manifest.lock",
			);
			name = "[CP] Check Pods Manifest.lock";
			outputFileListPaths = (
			);
			outputPaths = (
				"$(DERIVED_FILE_DIR)/Pods-BluzelleInstantNotary-checkManifestLockResult.txt",
			);
			runOnlyForDeploymentPostprocessing = 0;
			shellPath = /bin/sh;
			shellScript = "diff \"${PODS_PODFILE_DIR_PATH}/Podfile.lock\" \"${PODS_ROOT}/Manifest.lock\" > /dev/null\nif [ $? != 0 ] ; then\n    # print error to STDERR\n    echo \"error: The sandbox is not in sync with the Podfile.lock. Run 'pod install' or update your CocoaPods installation.\" >&2\n    exit 1\nfi\n# This output is used by Xcode 'outputs' to avoid re-running this script phase.\necho \"SUCCESS\" > \"${SCRIPT_OUTPUT_FILE_0}\"\n";
			showEnvVarsInLog = 0;
		};
		FD4C38642228810C00325AF5 /* Start Packager */ = {
			isa = PBXShellScriptBuildPhase;
			buildActionMask = 2147483647;
			files = (
			);
			inputFileListPaths = (
			);
			inputPaths = (
			);
			name = "Start Packager";
			outputFileListPaths = (
			);
			outputPaths = (
			);
			runOnlyForDeploymentPostprocessing = 0;
			shellPath = /bin/sh;
			shellScript = "if [ \"$CONFIGURATION\" == \"Release\" ]; then\n  exit 0;\nfi\nexport RCT_METRO_PORT=\"${RCT_METRO_PORT:=8081}\"\necho \"export RCT_METRO_PORT=${RCT_METRO_PORT}\" > \"${SRCROOT}/../node_modules/react-native/scripts/.packager.env\"\nif [ -z \"${RCT_NO_LAUNCH_PACKAGER+xxx}\" ] ; then\n  if nc -w 5 -z localhost ${RCT_METRO_PORT} ; then\n    if ! curl -s \"http://localhost:${RCT_METRO_PORT}/status\" | grep -q \"packager-status:running\" ; then\n      echo \"Port ${RCT_METRO_PORT} already in use, packager is either not running or not running correctly\"\n      exit 2\n    fi\n  else\n    open \"$SRCROOT/../node_modules/react-native/scripts/launchPackager.command\" || echo \"Can't start packager automatically\"\n  fi\nfi\n";
			showEnvVarsInLog = 0;
		};
/* End PBXShellScriptBuildPhase section */

/* Begin PBXSourcesBuildPhase section */
		13B07F871A680F5B00A75B9A /* Sources */ = {
			isa = PBXSourcesBuildPhase;
			buildActionMask = 2147483647;
			files = (
				13B07FBC1A68108700A75B9A /* AppDelegate.m in Sources */,
				13B07FC11A68108700A75B9A /* main.m in Sources */,
			);
			runOnlyForDeploymentPostprocessing = 0;
		};
/* End PBXSourcesBuildPhase section */

/* Begin PBXVariantGroup section */
		13B07FB11A68108700A75B9A /* LaunchScreen.xib */ = {
			isa = PBXVariantGroup;
			children = (
				13B07FB21A68108700A75B9A /* Base */,
			);
			name = LaunchScreen.xib;
			path = BluzelleInstantNotary;
			sourceTree = "<group>";
		};
/* End PBXVariantGroup section */

/* Begin XCBuildConfiguration section */
		13B07F941A680F5B00A75B9A /* Debug */ = {
			isa = XCBuildConfiguration;
			baseConfigurationReference = 0F913CA8A5690C16CEF1357C /* Pods-BluzelleInstantNotary.debug.xcconfig */;
			buildSettings = {
				ASSETCATALOG_COMPILER_APPICON_NAME = AppIcon;
				CODE_SIGN_IDENTITY = "Apple Development";
				CODE_SIGN_STYLE = Automatic;
				CURRENT_PROJECT_VERSION = 1;
				DEAD_CODE_STRIPPING = NO;
				DEVELOPMENT_TEAM = 296Y88W7M2;
				INFOPLIST_FILE = BluzelleInstantNotary/Info.plist;
				LD_RUNPATH_SEARCH_PATHS = "$(inherited) @executable_path/Frameworks";
				MARKETING_VERSION = 0.0.1;
				OTHER_LDFLAGS = (
					"$(inherited)",
					"-ObjC",
					"-lc++",
				);
				PRODUCT_BUNDLE_IDENTIFIER = com.bluzelle.notary;
				PRODUCT_NAME = instanotary;
				PROVISIONING_PROFILE_SPECIFIER = "";
				VERSIONING_SYSTEM = "apple-generic";
			};
			name = Debug;
		};
		13B07F951A680F5B00A75B9A /* Release */ = {
			isa = XCBuildConfiguration;
			baseConfigurationReference = D44E00AAB611A1F106E20020 /* Pods-BluzelleInstantNotary.release.xcconfig */;
			buildSettings = {
				ASSETCATALOG_COMPILER_APPICON_NAME = AppIcon;
				CODE_SIGN_IDENTITY = "Apple Development";
				CODE_SIGN_STYLE = Automatic;
				CURRENT_PROJECT_VERSION = 1;
				DEVELOPMENT_TEAM = 296Y88W7M2;
				INFOPLIST_FILE = BluzelleInstantNotary/Info.plist;
				LD_RUNPATH_SEARCH_PATHS = "$(inherited) @executable_path/Frameworks";
				MARKETING_VERSION = 0.0.1;
				OTHER_LDFLAGS = (
					"$(inherited)",
					"-ObjC",
					"-lc++",
				);
				PRODUCT_BUNDLE_IDENTIFIER = com.bluzelle.notary;
				PRODUCT_NAME = instanotary;
				PROVISIONING_PROFILE_SPECIFIER = "";
				VERSIONING_SYSTEM = "apple-generic";
			};
			name = Release;
		};
		83CBBA201A601CBA00E9B192 /* Debug */ = {
			isa = XCBuildConfiguration;
			buildSettings = {
				ALWAYS_SEARCH_USER_PATHS = NO;
				CLANG_CXX_LANGUAGE_STANDARD = "gnu++0x";
				CLANG_CXX_LIBRARY = "libc++";
				CLANG_ENABLE_MODULES = YES;
				CLANG_ENABLE_OBJC_ARC = YES;
				CLANG_WARN_BLOCK_CAPTURE_AUTORELEASING = YES;
				CLANG_WARN_BOOL_CONVERSION = YES;
				CLANG_WARN_COMMA = YES;
				CLANG_WARN_CONSTANT_CONVERSION = YES;
				CLANG_WARN_DEPRECATED_OBJC_IMPLEMENTATIONS = YES;
				CLANG_WARN_DIRECT_OBJC_ISA_USAGE = YES_ERROR;
				CLANG_WARN_EMPTY_BODY = YES;
				CLANG_WARN_ENUM_CONVERSION = YES;
				CLANG_WARN_INFINITE_RECURSION = YES;
				CLANG_WARN_INT_CONVERSION = YES;
				CLANG_WARN_NON_LITERAL_NULL_CONVERSION = YES;
				CLANG_WARN_OBJC_IMPLICIT_RETAIN_SELF = YES;
				CLANG_WARN_OBJC_LITERAL_CONVERSION = YES;
				CLANG_WARN_OBJC_ROOT_CLASS = YES_ERROR;
				CLANG_WARN_RANGE_LOOP_ANALYSIS = YES;
				CLANG_WARN_STRICT_PROTOTYPES = YES;
				CLANG_WARN_SUSPICIOUS_MOVE = YES;
				CLANG_WARN_UNREACHABLE_CODE = YES;
				CLANG_WARN__DUPLICATE_METHOD_MATCH = YES;
				CODE_SIGN_IDENTITY = "Apple Development: mmitrasish97@gmail.com (SMAVCGN4XQ)";
				"CODE_SIGN_IDENTITY[sdk=iphoneos*]" = "Apple Development: mmitrasish97@gmail.com (SMAVCGN4XQ)";
				COPY_PHASE_STRIP = NO;
				ENABLE_STRICT_OBJC_MSGSEND = YES;
				ENABLE_TESTABILITY = YES;
				GCC_C_LANGUAGE_STANDARD = gnu99;
				GCC_DYNAMIC_NO_PIC = NO;
				GCC_NO_COMMON_BLOCKS = YES;
				GCC_OPTIMIZATION_LEVEL = 0;
				GCC_PREPROCESSOR_DEFINITIONS = (
					"DEBUG=1",
					"$(inherited)",
				);
				GCC_SYMBOLS_PRIVATE_EXTERN = NO;
				GCC_WARN_64_TO_32_BIT_CONVERSION = YES;
				GCC_WARN_ABOUT_RETURN_TYPE = YES_ERROR;
				GCC_WARN_UNDECLARED_SELECTOR = YES;
				GCC_WARN_UNINITIALIZED_AUTOS = YES_AGGRESSIVE;
				GCC_WARN_UNUSED_FUNCTION = YES;
				GCC_WARN_UNUSED_VARIABLE = YES;
				IPHONEOS_DEPLOYMENT_TARGET = 9.0;
				MTL_ENABLE_DEBUG_INFO = YES;
				ONLY_ACTIVE_ARCH = YES;
				SDKROOT = iphoneos;
			};
			name = Debug;
		};
		83CBBA211A601CBA00E9B192 /* Release */ = {
			isa = XCBuildConfiguration;
			buildSettings = {
				ALWAYS_SEARCH_USER_PATHS = NO;
				CLANG_CXX_LANGUAGE_STANDARD = "gnu++0x";
				CLANG_CXX_LIBRARY = "libc++";
				CLANG_ENABLE_MODULES = YES;
				CLANG_ENABLE_OBJC_ARC = YES;
				CLANG_WARN_BLOCK_CAPTURE_AUTORELEASING = YES;
				CLANG_WARN_BOOL_CONVERSION = YES;
				CLANG_WARN_COMMA = YES;
				CLANG_WARN_CONSTANT_CONVERSION = YES;
				CLANG_WARN_DEPRECATED_OBJC_IMPLEMENTATIONS = YES;
				CLANG_WARN_DIRECT_OBJC_ISA_USAGE = YES_ERROR;
				CLANG_WARN_EMPTY_BODY = YES;
				CLANG_WARN_ENUM_CONVERSION = YES;
				CLANG_WARN_INFINITE_RECURSION = YES;
				CLANG_WARN_INT_CONVERSION = YES;
				CLANG_WARN_NON_LITERAL_NULL_CONVERSION = YES;
				CLANG_WARN_OBJC_IMPLICIT_RETAIN_SELF = YES;
				CLANG_WARN_OBJC_LITERAL_CONVERSION = YES;
				CLANG_WARN_OBJC_ROOT_CLASS = YES_ERROR;
				CLANG_WARN_RANGE_LOOP_ANALYSIS = YES;
				CLANG_WARN_STRICT_PROTOTYPES = YES;
				CLANG_WARN_SUSPICIOUS_MOVE = YES;
				CLANG_WARN_UNREACHABLE_CODE = YES;
				CLANG_WARN__DUPLICATE_METHOD_MATCH = YES;
				CODE_SIGN_IDENTITY = "Apple Development: mmitrasish97@gmail.com (SMAVCGN4XQ)";
				"CODE_SIGN_IDENTITY[sdk=iphoneos*]" = "Apple Development: mmitrasish97@gmail.com (SMAVCGN4XQ)";
				COPY_PHASE_STRIP = YES;
				ENABLE_NS_ASSERTIONS = NO;
				ENABLE_STRICT_OBJC_MSGSEND = YES;
				GCC_C_LANGUAGE_STANDARD = gnu99;
				GCC_NO_COMMON_BLOCKS = YES;
				GCC_WARN_64_TO_32_BIT_CONVERSION = YES;
				GCC_WARN_ABOUT_RETURN_TYPE = YES_ERROR;
				GCC_WARN_UNDECLARED_SELECTOR = YES;
				GCC_WARN_UNINITIALIZED_AUTOS = YES_AGGRESSIVE;
				GCC_WARN_UNUSED_FUNCTION = YES;
				GCC_WARN_UNUSED_VARIABLE = YES;
				IPHONEOS_DEPLOYMENT_TARGET = 9.0;
				MTL_ENABLE_DEBUG_INFO = NO;
				SDKROOT = iphoneos;
				VALIDATE_PRODUCT = YES;
			};
			name = Release;
		};
/* End XCBuildConfiguration section */

/* Begin XCConfigurationList section */
		13B07F931A680F5B00A75B9A /* Build configuration list for PBXNativeTarget "BluzelleInstantNotary" */ = {
			isa = XCConfigurationList;
			buildConfigurations = (
				13B07F941A680F5B00A75B9A /* Debug */,
				13B07F951A680F5B00A75B9A /* Release */,
			);
			defaultConfigurationIsVisible = 0;
			defaultConfigurationName = Release;
		};
		83CBB9FA1A601CBA00E9B192 /* Build configuration list for PBXProject "BluzelleInstantNotary" */ = {
			isa = XCConfigurationList;
			buildConfigurations = (
				83CBBA201A601CBA00E9B192 /* Debug */,
				83CBBA211A601CBA00E9B192 /* Release */,
			);
			defaultConfigurationIsVisible = 0;
			defaultConfigurationName = Release;
		};
/* End XCConfigurationList section */
	};
	rootObject = 83CBB9F71A601CBA00E9B192 /* Project object */;
}
